
Microsoft Visual Studio Solution File, Format Version 12.00
# Visual Studio Version 17
VisualStudioVersion = 17.14.36408.4 d17.14
MinimumVisualStudioVersion = 10.0.40219.1
Project("{FAE04EC0-301F-11D3-BF4B-00C04F79EFBC}") = "EnglishLearnGame", "EnglishLearnGame\EnglishLearnGame.csproj", "{09690DFB-1D9D-4995-99B5-2EB3C60958ED}"
EndProject
Global
	GlobalSection(SolutionConfigurationPlatforms) = preSolution
		Debug|Any CPU = Debug|Any CPU
		Release|Any CPU = Release|Any CPU
	EndGlobalSection
	GlobalSection(ProjectConfigurationPlatforms) = postSolution
		{09690DFB-1D9D-4995-99B5-2EB3C60958ED}.Debug|Any CPU.ActiveCfg = Debug|Any CPU
		{09690DFB-1D9D-4995-99B5-2EB3C60958ED}.Debug|Any CPU.Build.0 = Debug|Any CPU
		{09690DFB-1D9D-4995-99B5-2EB3C60958ED}.Release|Any CPU.ActiveCfg = Release|Any CPU
		{09690DFB-1D9D-4995-99B5-2EB3C60958ED}.Release|Any CPU.Build.0 = Release|Any CPU
	EndGlobalSection
	GlobalSection(SolutionProperties) = preSolution
		HideSolutionNode = FALSE
	EndGlobalSection
	GlobalSection(ExtensibilityGlobals) = postSolution
		SolutionGuid = {3CD0CC89-D7E3-409C-8F82-F0E162A40496}
	EndGlobalSection
EndGlobal
